
Microsoft Visual Studio Solution File, Format Version 12.00
# Visual Studio Version 17
VisualStudioVersion = 17.14.36811.4 d17.14
MinimumVisualStudioVersion = 10.0.40219.1
Project("{8BC9CEB8-8B4A-11D0-8D11-00A0C91BC942}") = "codeR2.4", "codeR2.4\codeR2.4.vcxproj", "{E7AE3DDC-6FDB-47E1-B246-BE1F4511DD5E}"
EndProject
Global
	GlobalSection(SolutionConfigurationPlatforms) = preSolution
		Debug|x64 = Debug|x64
		Debug|x86 = Debug|x86
		Release|x64 = Release|x64
		Release|x86 = Release|x86
	EndGlobalSection
	GlobalSection(ProjectConfigurationPlatforms) = postSolution
		{E7AE3DDC-6FDB-47E1-B246-BE1F4511DD5E}.Debug|x64.ActiveCfg = Debug|x64
		{E7AE3DDC-6FDB-47E1-B246-BE1F4511DD5E}.Debug|x64.Build.0 = Debug|x64
		{E7AE3DDC-6FDB-47E1-B246-BE1F4511DD5E}.Debug|x86.ActiveCfg = Debug|Win32
		{E7AE3DDC-6FDB-47E1-B246-BE1F4511DD5E}.Debug|x86.Build.0 = Debug|Win32
		{E7AE3DDC-6FDB-47E1-B246-BE1F4511DD5E}.Release|x64.ActiveCfg = Release|x64
		{E7AE3DDC-6FDB-47E1-B246-BE1F4511DD5E}.Release|x64.Build.0 = Release|x64
		{E7AE3DDC-6FDB-47E1-B246-BE1F4511DD5E}.Release|x86.ActiveCfg = Release|Win32
		{E7AE3DDC-6FDB-47E1-B246-BE1F4511DD5E}.Release|x86.Build.0 = Release|Win32
	EndGlobalSection
	GlobalSection(SolutionProperties) = preSolution
		HideSolutionNode = FALSE
	EndGlobalSection
	GlobalSection(ExtensibilityGlobals) = postSolution
		SolutionGuid = {855724C3-6D82-4A1F-B8F3-108A8EC488DA}
	EndGlobalSection
EndGlobal
